
Microsoft Visual Studio Solution File, Format Version 12.00
# Visual Studio Version 16
VisualStudioVersion = 16.0.32630.194
MinimumVisualStudioVersion = 10.0.40219.1
Project("{9A19103F-16F7-4668-BE54-9A1E7A4F7556}") = "LoginForm", "LoginForm\LoginForm.csproj", "{F33AC414-50B7-4597-B106-E546B59F42E1}"
EndProject
Project("{9A19103F-16F7-4668-BE54-9A1E7A4F7556}") = "MessageBoxWidget", "MessageBoxWidget\MessageBoxWidget.csproj", "{0F51F645-A2F7-47C2-AD19-E1DA340A6E65}"
EndProject
Project("{9A19103F-16F7-4668-BE54-9A1E7A4F7556}") = "BankApplication", "BankApplication\BankApplication.csproj", "{D9CB5203-460A-4AB5-8FBE-707D6A04347A}"
EndProject
Project("{FAE04EC0-301F-11D3-BF4B-00C04F79EFBC}") = "Tools", "Tools\Tools\Tools.csproj", "{4FC67C0B-412E-4E15-A1FF-E511BA905F5F}"
EndProject
Project("{2150E333-8FDC-42A3-9474-1A3956D46DE8}") = "TODO", "TODO", "{CABD7D22-1819-4228-882F-374363BE6ACA}"
	ProjectSection(SolutionItems) = preProject
		TODO.txt = TODO.txt
	EndProjectSection
EndProject
Project("{2150E333-8FDC-42A3-9474-1A3956D46DE8}") = "SQL", "SQL", "{C962488E-D413-426E-BD62-EDD69B12B4C4}"
	ProjectSection(SolutionItems) = preProject
		SqlExpressions.txt = SqlExpressions.txt
	EndProjectSection
EndProject
Project("{9A19103F-16F7-4668-BE54-9A1E7A4F7556}") = "DatabaseTools", "DatabaseTools\DatabaseTools.csproj", "{0C978DB5-DFD0-4AD0-A8FB-9263BDEB4B8F}"
EndProject
Global
	GlobalSection(SolutionConfigurationPlatforms) = preSolution
		Debug|Any CPU = Debug|Any CPU
		Release|Any CPU = Release|Any CPU
	EndGlobalSection
	GlobalSection(ProjectConfigurationPlatforms) = postSolution
		{F33AC414-50B7-4597-B106-E546B59F42E1}.Debug|Any CPU.ActiveCfg = Debug|Any CPU
		{F33AC414-50B7-4597-B106-E546B59F42E1}.Debug|Any CPU.Build.0 = Debug|Any CPU
		{F33AC414-50B7-4597-B106-E546B59F42E1}.Release|Any CPU.ActiveCfg = Release|Any CPU
		{F33AC414-50B7-4597-B106-E546B59F42E1}.Release|Any CPU.Build.0 = Release|Any CPU
		{0F51F645-A2F7-47C2-AD19-E1DA340A6E65}.Debug|Any CPU.ActiveCfg = Debug|Any CPU
		{0F51F645-A2F7-47C2-AD19-E1DA340A6E65}.Debug|Any CPU.Build.0 = Debug|Any CPU
		{0F51F645-A2F7-47C2-AD19-E1DA340A6E65}.Release|Any CPU.ActiveCfg = Release|Any CPU
		{0F51F645-A2F7-47C2-AD19-E1DA340A6E65}.Release|Any CPU.Build.0 = Release|Any CPU
		{D9CB5203-460A-4AB5-8FBE-707D6A04347A}.Debug|Any CPU.ActiveCfg = Debug|Any CPU
		{D9CB5203-460A-4AB5-8FBE-707D6A04347A}.Debug|Any CPU.Build.0 = Debug|Any CPU
		{D9CB5203-460A-4AB5-8FBE-707D6A04347A}.Release|Any CPU.ActiveCfg = Release|Any CPU
		{D9CB5203-460A-4AB5-8FBE-707D6A04347A}.Release|Any CPU.Build.0 = Release|Any CPU
		{4FC67C0B-412E-4E15-A1FF-E511BA905F5F}.Debug|Any CPU.ActiveCfg = Debug|Any CPU
		{4FC67C0B-412E-4E15-A1FF-E511BA905F5F}.Debug|Any CPU.Build.0 = Debug|Any CPU
		{4FC67C0B-412E-4E15-A1FF-E511BA905F5F}.Release|Any CPU.ActiveCfg = Release|Any CPU
		{4FC67C0B-412E-4E15-A1FF-E511BA905F5F}.Release|Any CPU.Build.0 = Release|Any CPU
		{0C978DB5-DFD0-4AD0-A8FB-9263BDEB4B8F}.Debug|Any CPU.ActiveCfg = Debug|Any CPU
		{0C978DB5-DFD0-4AD0-A8FB-9263BDEB4B8F}.Debug|Any CPU.Build.0 = Debug|Any CPU
		{0C978DB5-DFD0-4AD0-A8FB-9263BDEB4B8F}.Release|Any CPU.ActiveCfg = Release|Any CPU
		{0C978DB5-DFD0-4AD0-A8FB-9263BDEB4B8F}.Release|Any CPU.Build.0 = Release|Any CPU
	EndGlobalSection
	GlobalSection(SolutionProperties) = preSolution
		HideSolutionNode = FALSE
	EndGlobalSection
	GlobalSection(ExtensibilityGlobals) = postSolution
		SolutionGuid = {AD7E2E25-6414-41A3-BB2E-4D129F455788}
	EndGlobalSection
EndGlobal
